
Microsoft Visual Studio Solution File, Format Version 12.00
# Visual Studio Version 17
VisualStudioVersion = 17.3.32929.385
MinimumVisualStudioVersion = 10.0.40219.1
Project("{8BC9CEB8-8B4A-11D0-8D11-00A0C91BC942}") = "Pavic_Lab_Aula_01", "Pavic_Lab_Aula_01\Pavic_Lab_Aula_01.vcxproj", "{ACDCEB9D-3041-42D2-9857-81497182C229}"
EndProject
Global
	GlobalSection(SolutionConfigurationPlatforms) = preSolution
		Debug|x64 = Debug|x64
		Debug|x86 = Debug|x86
		Release|x64 = Release|x64
		Release|x86 = Release|x86
	EndGlobalSection
	GlobalSection(ProjectConfigurationPlatforms) = postSolution
		{ACDCEB9D-3041-42D2-9857-81497182C229}.Debug|x64.ActiveCfg = Debug|x64
		{ACDCEB9D-3041-42D2-9857-81497182C229}.Debug|x64.Build.0 = Debug|x64
		{ACDCEB9D-3041-42D2-9857-81497182C229}.Debug|x86.ActiveCfg = Debug|Win32
		{ACDCEB9D-3041-42D2-9857-81497182C229}.Debug|x86.Build.0 = Debug|Win32
		{ACDCEB9D-3041-42D2-9857-81497182C229}.Release|x64.ActiveCfg = Release|x64
		{ACDCEB9D-3041-42D2-9857-81497182C229}.Release|x64.Build.0 = Release|x64
		{ACDCEB9D-3041-42D2-9857-81497182C229}.Release|x86.ActiveCfg = Release|Win32
		{ACDCEB9D-3041-42D2-9857-81497182C229}.Release|x86.Build.0 = Release|Win32
	EndGlobalSection
	GlobalSection(SolutionProperties) = preSolution
		HideSolutionNode = FALSE
	EndGlobalSection
	GlobalSection(ExtensibilityGlobals) = postSolution
		SolutionGuid = {2A84914B-8B13-490C-A87B-F73173DEF869}
	EndGlobalSection
EndGlobal
